
Microsoft Visual Studio Solution File, Format Version 12.00
# Visual Studio 15
VisualStudioVersion = 15.0.27703.2026
MinimumVisualStudioVersion = 10.0.40219.1
Project("{FAE04EC0-301F-11D3-BF4B-00C04F79EFBC}") = "SerialPortTCP.SocketTCP", "SerialPortTCP\SerialPortTCP.SocketTCP.csproj", "{878DE76B-2E97-4567-9705-6245CDDDD676}"
EndProject
Project("{FAE04EC0-301F-11D3-BF4B-00C04F79EFBC}") = "SerialPortTCP.SerialPorCommunication", "SerialPortTCP.SerialPorCommunication\SerialPortTCP.SerialPorCommunication.csproj", "{7EF2186B-0D43-4C66-AB5C-F64590A8A82A}"
EndProject
Global
	GlobalSection(SolutionConfigurationPlatforms) = preSolution
		Debug|Any CPU = Debug|Any CPU
		Release|Any CPU = Release|Any CPU
	EndGlobalSection
	GlobalSection(ProjectConfigurationPlatforms) = postSolution
		{878DE76B-2E97-4567-9705-6245CDDDD676}.Debug|Any CPU.ActiveCfg = Debug|Any CPU
		{878DE76B-2E97-4567-9705-6245CDDDD676}.Debug|Any CPU.Build.0 = Debug|Any CPU
		{878DE76B-2E97-4567-9705-6245CDDDD676}.Release|Any CPU.ActiveCfg = Release|Any CPU
		{878DE76B-2E97-4567-9705-6245CDDDD676}.Release|Any CPU.Build.0 = Release|Any CPU
		{7EF2186B-0D43-4C66-AB5C-F64590A8A82A}.Debug|Any CPU.ActiveCfg = Debug|Any CPU
		{7EF2186B-0D43-4C66-AB5C-F64590A8A82A}.Debug|Any CPU.Build.0 = Debug|Any CPU
		{7EF2186B-0D43-4C66-AB5C-F64590A8A82A}.Release|Any CPU.ActiveCfg = Release|Any CPU
		{7EF2186B-0D43-4C66-AB5C-F64590A8A82A}.Release|Any CPU.Build.0 = Release|Any CPU
	EndGlobalSection
	GlobalSection(SolutionProperties) = preSolution
		HideSolutionNode = FALSE
	EndGlobalSection
	GlobalSection(ExtensibilityGlobals) = postSolution
		SolutionGuid = {A8D3287F-17A9-4835-836F-1327D6ADDE97}
	EndGlobalSection
EndGlobal
